# THIS IS AN AUTOGENERATED FILE. DO NOT EDIT THIS FILE DIRECTLY.
# yarn lockfile v1


confme@^1.0.0:
  version "1.0.0"
  resolved "https://registry.yarnpkg.com/confme/-/confme-1.0.0.tgz#e0d8f35ac54dfe11e52a836b370b8b1f57a72d4c"
  integrity sha512-6OGXsd3Nct2DSxn+heQFyZYLo+DUrmeBmhq+3dd492RKqkepLxerRFsR/bg9D3PUD+XezYgD9s0ap5MrR/RM5w==
  dependencies:
    dotenv-defaults "^1.1.1"
    json5 "^2.1.3"
    livr "^2.2.4"
    livr-extra-rules "^1.2.1"

dotenv-defaults@^1.1.1:
  version "1.1.1"
  resolved "https://registry.yarnpkg.com/dotenv-defaults/-/dotenv-defaults-1.1.1.tgz#032c024f4b5906d9990eb06d722dc74cc60ec1bd"
  integrity sha512-6fPRo9o/3MxKvmRZBD3oNFdxODdhJtIy1zcJeUSCs6HCy4tarUpd+G67UTU9tF6OWXeSPqsm4fPAB+2eY9Rt9Q==
  dependencies:
    dotenv "^6.2.0"

dotenv@^6.2.0:
  version "6.2.0"
  resolved "https://registry.yarnpkg.com/dotenv/-/dotenv-6.2.0.tgz#941c0410535d942c8becf28d3f357dbd9d476064"
  integrity sha512-HygQCKUBSFl8wKQZBSemMywRWcEDNidvNbjGVyZu3nbZ8qq9ubiPoGLMdRDpfSrpkkm9BXYFkpKxxFX38o/76w==

json5@^2.1.3:
  version "2.1.3"
  resolved "https://registry.yarnpkg.com/json5/-/json5-2.1.3.tgz#c9b0f7fa9233bfe5807fe66fcf3a5617ed597d43"
  integrity sha512-KXPvOm8K9IJKFM0bmdn8QXh7udDh1g/giieX0NLCaMnb4hEiVFqnop2ImTXCc5e0/oHz3LTqmHGtExn5hfMkOA==
  dependencies:
    minimist "^1.2.5"

livr-extra-rules@^1.2.1:
  version "1.2.1"
  resolved "https://registry.yarnpkg.com/livr-extra-rules/-/livr-extra-rules-1.2.1.tgz#855397ccfc70b17b609b3978ae9e29ac0384bf54"
  integrity sha512-F2y79mEzvqQ/ypP/LI1K+XaKMvHvMWlEDQ5+fh/F/w907sZOn6s2D6AMagU0ulAAY0P/PTefd05/P+xBOdvZdw==

livr@^2.2.4:
  version "2.3.1"
  resolved "https://registry.yarnpkg.com/livr/-/livr-2.3.1.tgz#14cec842e32f6ed4a46eda193ef2e88630a59f2d"
  integrity sha512-3WgnAPd5Gd6i+z/CiwkH/hOwG9FAVDJhh6Ts4lVHZbtdOnNlY+zxdCVnpmFywQT8FwpmVSi2q7F8ZlHTRgHdSA==

minimist@^1.2.5:
  version "1.2.5"
  resolved "https://registry.yarnpkg.com/minimist/-/minimist-1.2.5.tgz#67d66014b66a6a8aaa0c083c5fd58df4e4e97602"
  integrity sha512-FM9nNUYrRBAELZQT3xeZQ7fmMOBg6nWNmJKTcgsJeaLstP/UODVpGsr5OhXhhXg6f+qtJ8uiZ+PUxkDWcgIXLw==
